
Microsoft Visual Studio Solution File, Format Version 12.00
# Visual Studio Version 16
VisualStudioVersion = 16.0.31129.286
MinimumVisualStudioVersion = 10.0.40219.1
Project("{9A19103F-16F7-4668-BE54-9A1E7A4F7556}") = "Entities", "Entities\Entities.csproj", "{1B4DC1B4-F9C8-4F6E-9C94-7969C57C6E43}"
EndProject
Project("{9A19103F-16F7-4668-BE54-9A1E7A4F7556}") = "DataAccess", "DataAccess\DataAccess.csproj", "{C308BE93-BBED-4831-8B42-EF8F437FD497}"
EndProject
Project("{9A19103F-16F7-4668-BE54-9A1E7A4F7556}") = "Business", "Business\Business.csproj", "{6939B54D-2566-4D9A-9712-FB52F3A1CF36}"
EndProject
Project("{9A19103F-16F7-4668-BE54-9A1E7A4F7556}") = "ConsoleUI", "ConsoleUI\ConsoleUI.csproj", "{1C090EC5-7EAE-4BC2-9EDA-B7DC6C805206}"
EndProject
Project("{FAE04EC0-301F-11D3-BF4B-00C04F79EFBC}") = "Core", "Core\Core.csproj", "{9CCE6731-B40D-4E74-98DD-C60C08CEDDE1}"
EndProject
Global
	GlobalSection(SolutionConfigurationPlatforms) = preSolution
		Debug|Any CPU = Debug|Any CPU
		Release|Any CPU = Release|Any CPU
	EndGlobalSection
	GlobalSection(ProjectConfigurationPlatforms) = postSolution
		{1B4DC1B4-F9C8-4F6E-9C94-7969C57C6E43}.Debug|Any CPU.ActiveCfg = Debug|Any CPU
		{1B4DC1B4-F9C8-4F6E-9C94-7969C57C6E43}.Debug|Any CPU.Build.0 = Debug|Any CPU
		{1B4DC1B4-F9C8-4F6E-9C94-7969C57C6E43}.Release|Any CPU.ActiveCfg = Release|Any CPU
		{1B4DC1B4-F9C8-4F6E-9C94-7969C57C6E43}.Release|Any CPU.Build.0 = Release|Any CPU
		{C308BE93-BBED-4831-8B42-EF8F437FD497}.Debug|Any CPU.ActiveCfg = Debug|Any CPU
		{C308BE93-BBED-4831-8B42-EF8F437FD497}.Debug|Any CPU.Build.0 = Debug|Any CPU
		{C308BE93-BBED-4831-8B42-EF8F437FD497}.Release|Any CPU.ActiveCfg = Release|Any CPU
		{C308BE93-BBED-4831-8B42-EF8F437FD497}.Release|Any CPU.Build.0 = Release|Any CPU
		{6939B54D-2566-4D9A-9712-FB52F3A1CF36}.Debug|Any CPU.ActiveCfg = Debug|Any CPU
		{6939B54D-2566-4D9A-9712-FB52F3A1CF36}.Debug|Any CPU.Build.0 = Debug|Any CPU
		{6939B54D-2566-4D9A-9712-FB52F3A1CF36}.Release|Any CPU.ActiveCfg = Release|Any CPU
		{6939B54D-2566-4D9A-9712-FB52F3A1CF36}.Release|Any CPU.Build.0 = Release|Any CPU
		{1C090EC5-7EAE-4BC2-9EDA-B7DC6C805206}.Debug|Any CPU.ActiveCfg = Debug|Any CPU
		{1C090EC5-7EAE-4BC2-9EDA-B7DC6C805206}.Debug|Any CPU.Build.0 = Debug|Any CPU
		{1C090EC5-7EAE-4BC2-9EDA-B7DC6C805206}.Release|Any CPU.ActiveCfg = Release|Any CPU
		{1C090EC5-7EAE-4BC2-9EDA-B7DC6C805206}.Release|Any CPU.Build.0 = Release|Any CPU
		{9CCE6731-B40D-4E74-98DD-C60C08CEDDE1}.Debug|Any CPU.ActiveCfg = Debug|Any CPU
		{9CCE6731-B40D-4E74-98DD-C60C08CEDDE1}.Debug|Any CPU.Build.0 = Debug|Any CPU
		{9CCE6731-B40D-4E74-98DD-C60C08CEDDE1}.Release|Any CPU.ActiveCfg = Release|Any CPU
		{9CCE6731-B40D-4E74-98DD-C60C08CEDDE1}.Release|Any CPU.Build.0 = Release|Any CPU
	EndGlobalSection
	GlobalSection(SolutionProperties) = preSolution
		HideSolutionNode = FALSE
	EndGlobalSection
	GlobalSection(ExtensibilityGlobals) = postSolution
		SolutionGuid = {BE62B1F5-F4B0-4BE5-A97F-607E1A6F0225}
	EndGlobalSection
EndGlobal
